
Microsoft Visual Studio Solution File, Format Version 12.00
# Visual Studio Version 17
VisualStudioVersion = 17.3.32825.248
MinimumVisualStudioVersion = 10.0.40219.1
Project("{FAE04EC0-301F-11D3-BF4B-00C04F79EFBC}") = "qr", "qr\qr.csproj", "{B7D80708-23F7-479B-B6A3-CA802D6BFF91}"
EndProject
Global
	GlobalSection(SolutionConfigurationPlatforms) = preSolution
		Debug|Any CPU = Debug|Any CPU
		Release|Any CPU = Release|Any CPU
	EndGlobalSection
	GlobalSection(ProjectConfigurationPlatforms) = postSolution
		{B7D80708-23F7-479B-B6A3-CA802D6BFF91}.Debug|Any CPU.ActiveCfg = Debug|Any CPU
		{B7D80708-23F7-479B-B6A3-CA802D6BFF91}.Debug|Any CPU.Build.0 = Debug|Any CPU
		{B7D80708-23F7-479B-B6A3-CA802D6BFF91}.Release|Any CPU.ActiveCfg = Release|Any CPU
		{B7D80708-23F7-479B-B6A3-CA802D6BFF91}.Release|Any CPU.Build.0 = Release|Any CPU
	EndGlobalSection
	GlobalSection(SolutionProperties) = preSolution
		HideSolutionNode = FALSE
	EndGlobalSection
	GlobalSection(ExtensibilityGlobals) = postSolution
		SolutionGuid = {4F6619EB-ED80-407D-8F14-23E48536B49F}
	EndGlobalSection
EndGlobal
